
Microsoft Visual Studio Solution File, Format Version 12.00
# Visual Studio 15
VisualStudioVersion = 15.0.26430.16
MinimumVisualStudioVersion = 10.0.40219.1
Project("{FAE04EC0-301F-11D3-BF4B-00C04F79EFBC}") = "FieldsInUse", "FieldsInUse\FieldsInUse.csproj", "{61796E87-E095-49B2-9284-361DEEB1644B}"
EndProject
Global
	GlobalSection(SolutionConfigurationPlatforms) = preSolution
		Debug|Any CPU = Debug|Any CPU
		Release|Any CPU = Release|Any CPU
	EndGlobalSection
	GlobalSection(ProjectConfigurationPlatforms) = postSolution
		{61796E87-E095-49B2-9284-361DEEB1644B}.Debug|Any CPU.ActiveCfg = Debug|Any CPU
		{61796E87-E095-49B2-9284-361DEEB1644B}.Debug|Any CPU.Build.0 = Debug|Any CPU
		{61796E87-E095-49B2-9284-361DEEB1644B}.Release|Any CPU.ActiveCfg = Release|Any CPU
		{61796E87-E095-49B2-9284-361DEEB1644B}.Release|Any CPU.Build.0 = Release|Any CPU
	EndGlobalSection
	GlobalSection(SolutionProperties) = preSolution
		HideSolutionNode = FALSE
	EndGlobalSection
	GlobalSection(ExtensibilityGlobals) = postSolution
		SolutionGuid = {65432DB5-F456-40A9-AF22-F2EFA4A90184}
	EndGlobalSection
EndGlobal
