
Microsoft Visual Studio Solution File, Format Version 12.00
# Visual Studio Version 16
VisualStudioVersion = 16.0.30309.148
MinimumVisualStudioVersion = 10.0.40219.1
Project("{FAE04EC0-301F-11D3-BF4B-00C04F79EFBC}") = "GenerateSDKCode", "GenerateSDKCode\GenerateSDKCode.csproj", "{ABC3FE2B-7695-4456-BC16-E102CCC65A9C}"
EndProject
Global
	GlobalSection(SolutionConfigurationPlatforms) = preSolution
		Debug|Any CPU = Debug|Any CPU
		Release|Any CPU = Release|Any CPU
	EndGlobalSection
	GlobalSection(ProjectConfigurationPlatforms) = postSolution
		{ABC3FE2B-7695-4456-BC16-E102CCC65A9C}.Debug|Any CPU.ActiveCfg = Debug|Any CPU
		{ABC3FE2B-7695-4456-BC16-E102CCC65A9C}.Debug|Any CPU.Build.0 = Debug|Any CPU
		{ABC3FE2B-7695-4456-BC16-E102CCC65A9C}.Release|Any CPU.ActiveCfg = Release|Any CPU
		{ABC3FE2B-7695-4456-BC16-E102CCC65A9C}.Release|Any CPU.Build.0 = Release|Any CPU
	EndGlobalSection
	GlobalSection(SolutionProperties) = preSolution
		HideSolutionNode = FALSE
	EndGlobalSection
	GlobalSection(ExtensibilityGlobals) = postSolution
		SolutionGuid = {6F41E23B-B948-4881-A07F-D673DC42EEC2}
	EndGlobalSection
EndGlobal
