
Microsoft Visual Studio Solution File, Format Version 12.00
# Visual Studio 14
VisualStudioVersion = 14.0.25420.1
MinimumVisualStudioVersion = 10.0.40219.1
Project("{FAE04EC0-301F-11D3-BF4B-00C04F79EFBC}") = "InRule.Authoring.Extensions.RefreshTemplateEngine", "RefreshTemplateEngine\RefreshTemplateEngine.csproj", "{145B2C67-EE9C-47B0-BCDC-8075A61D5361}"
EndProject
Global
	GlobalSection(SolutionConfigurationPlatforms) = preSolution
		Debug|Any CPU = Debug|Any CPU
		Release|Any CPU = Release|Any CPU
	EndGlobalSection
	GlobalSection(ProjectConfigurationPlatforms) = postSolution
		{145B2C67-EE9C-47B0-BCDC-8075A61D5361}.Debug|Any CPU.ActiveCfg = Debug|Any CPU
		{145B2C67-EE9C-47B0-BCDC-8075A61D5361}.Debug|Any CPU.Build.0 = Debug|Any CPU
		{145B2C67-EE9C-47B0-BCDC-8075A61D5361}.Release|Any CPU.ActiveCfg = Release|Any CPU
		{145B2C67-EE9C-47B0-BCDC-8075A61D5361}.Release|Any CPU.Build.0 = Release|Any CPU
	EndGlobalSection
	GlobalSection(SolutionProperties) = preSolution
		HideSolutionNode = FALSE
	EndGlobalSection
EndGlobal
